<?xml version="1.0" encoding="utf-8"?>
<Project ToolsVersion="4.0" xmlns="http://schemas.microsoft.com/developer/msbuild/2003">
  <ItemGroup>
    <Filter Include="Includes">
      <UniqueIdentifier>{25da0089-847f-4d6a-8e93-b36fc48405cc}</UniqueIdentifier>
    </Filter>
    <Filter Include="OpenGL">
      <UniqueIdentifier>{2a9df185-4d00-4962-96ba-20e58b089376}</UniqueIdentifier>
    </Filter>
  </ItemGroup>
  <ItemGroup>
    <None Include="..\..\Bin\Assets\Shaders\Includes\AnimationBuffer.hlsli">
      <Filter>Includes</Filter>
    </None>
    <None Include="..\..\Bin\Assets\Shaders\Includes\ColorFunctions.hlsli">
      <Filter>Includes</Filter>
    </None>
    <None Include="..\..\Bin\Assets\Shaders\Includes\DebugBuffer.hlsli">
      <Filter>Includes</Filter>
    </None>
    <None Include="..\..\Bin\Assets\Shaders\Includes\Defaultconstant.hlsli">
      <Filter>Includes</Filter>
    </None>
    <None Include="..\..\Bin\Assets\Shaders\Includes\DefaultShaderIncludes.hlsli">
      <Filter>Includes</Filter>
    </None>
    <None Include="..\..\Bin\Assets\Shaders\Includes\FrameBuffer.hlsli">
      <Filter>Includes</Filter>
    </None>
    <None Include="..\..\Bin\Assets\Shaders\Includes\LightBuffer.hlsli">
      <Filter>Includes</Filter>
    </None>
    <None Include="..\..\Bin\Assets\Shaders\Includes\ObjectBuffer.hlsli">
      <Filter>Includes</Filter>
    </None>
    <None Include="..\..\Bin\Assets\Shaders\Includes\PBLCalculations.hlsli">
      <Filter>Includes</Filter>
    </None>
    <None Include="..\..\Bin\Assets\Shaders\Includes\PostProcessBuffer.hlsli">
      <Filter>Includes</Filter>
    </None>
    <None Include="..\..\Bin\Assets\Shaders\Includes\PostProcessingFunctions.hlsli">
      <Filter>Includes</Filter>
    </None>
    <None Include="..\..\Bin\Assets\Shaders\Includes\Sprite.hlsli">
      <Filter>Includes</Filter>
    </None>
    <None Include="..\..\Bin\Assets\Shaders\Includes\SpriteEditorBuffer.hlsli">
      <Filter>Includes</Filter>
    </None>
    <None Include="..\..\Bin\Assets\Shaders\Includes\Tonemap.hlsli">
      <Filter>Includes</Filter>
    </None>
    <None Include="..\..\Bin\Assets\Shaders\Includes\BRDF_Functions.hlsli">
      <Filter>Includes</Filter>
    </None>
    <None Include="..\..\Bin\Assets\Shaders\Includes\Defines.hlsli">
      <Filter>Includes</Filter>
    </None>
    <None Include="..\..\Bin\Assets\Shaders\Includes\SSAOBuffer.hlsli">
      <Filter>Includes</Filter>
    </None>
    <None Include="..\..\Bin\Assets\Shaders\Includes\Particle.hlsli">
      <Filter>Includes</Filter>
    </None>
    <None Include="..\..\Bin\Assets\Shaders\Includes\ParticleBuffer.hlsli">
      <Filter>Includes</Filter>
    </None>
    <None Include="..\..\Bin\Assets\Shaders\DefaultFS.glsl">
      <Filter>OpenGL</Filter>
    </None>
    <None Include="..\..\Bin\Assets\Shaders\DefaultVS.glsl">
      <Filter>OpenGL</Filter>
    </None>
  </ItemGroup>
  <ItemGroup>
    <FxCompile Include="..\..\Bin\Assets\Shaders\Animated_VS.hlsl" />
    <FxCompile Include="..\..\Bin\Assets\Shaders\Bloom_PS.hlsl" />
    <FxCompile Include="..\..\Bin\Assets\Shaders\Default_VS.hlsl" />
    <FxCompile Include="..\..\Bin\Assets\Shaders\Deffered_PS.hlsl" />
    <FxCompile Include="..\..\Bin\Assets\Shaders\DefferedFullscreen_PS.hlsl" />
    <FxCompile Include="..\..\Bin\Assets\Shaders\DownSample_PS.hlsl" />
    <FxCompile Include="..\..\Bin\Assets\Shaders\GaussianBlurHorizontal_PS.hlsl" />
    <FxCompile Include="..\..\Bin\Assets\Shaders\GaussianBlurVertical_PS.hlsl" />
    <FxCompile Include="..\..\Bin\Assets\Shaders\PBL_Lit_PS.hlsl" />
    <FxCompile Include="..\..\Bin\Assets\Shaders\ReflectionProbe_PS.hlsl" />
    <FxCompile Include="..\..\Bin\Assets\Shaders\Skybox_PS.hlsl" />
    <FxCompile Include="..\..\Bin\Assets\Shaders\Skybox_VS.hlsl" />
    <FxCompile Include="..\..\Bin\Assets\Shaders\Sprite_EditorShader_PS.hlsl" />
    <FxCompile Include="..\..\Bin\Assets\Shaders\Sprite_EditorShader_VS.hlsl" />
    <FxCompile Include="..\..\Bin\Assets\Shaders\Sprite_UnLit_PS.hlsl" />
    <FxCompile Include="..\..\Bin\Assets\Shaders\Sprite_VS.hlsl" />
    <FxCompile Include="..\..\Bin\Assets\Shaders\ToneMapping_PS.hlsl" />
    <FxCompile Include="..\..\Bin\Assets\Shaders\UnLit_PS.hlsl" />
    <FxCompile Include="..\..\Bin\Assets\Shaders\UpSample_PS.hlsl" />
    <FxCompile Include="..\..\Bin\Assets\Shaders\brdfLUT_PS.hlsl" />
    <FxCompile Include="..\..\Bin\Assets\Shaders\Simple_Lit_PS.hlsl" />
    <FxCompile Include="..\..\Bin\Assets\Shaders\ReWrite_PS.hlsl" />
    <FxCompile Include="..\..\Bin\Assets\Shaders\ReWrite3D_PS.hlsl" />
    <FxCompile Include="..\..\Bin\Assets\Shaders\SSAO.hlsl" />
    <FxCompile Include="..\..\Bin\Assets\Shaders\Particle_PS.hlsl" />
    <FxCompile Include="..\..\Bin\Assets\Shaders\Red_PS.hlsl" />
    <FxCompile Include="..\..\Bin\Assets\Shaders\Red_Sprite_PS.hlsl" />
    <FxCompile Include="..\..\Bin\Assets\Shaders\Particle_VS.hlsl" />
    <FxCompile Include="..\..\Bin\Assets\Shaders\Particle_GS.hlsl" />
    <FxCompile Include="..\..\Bin\Assets\Shaders\Holemaker_PS.hlsl" />
    <FxCompile Include="..\..\Bin\Assets\Shaders\HoleMaskRender_PS.hlsl" />
  </ItemGroup>
</Project>