
Microsoft Visual Studio Solution File, Format Version 12.00
# Visual Studio Version 17
VisualStudioVersion = 17.7.34024.191
MinimumVisualStudioVersion = 10.0.40219.1
Project("{2150E333-8FDC-42A3-9474-1A3956D46DE8}") = "Utilities", "Utilities", "{B88584E6-8C02-45F9-A781-DE156A465D72}"
EndProject
Project("{8BC9CEB8-8B4A-11D0-8D11-00A0C91BC942}") = "Launcher", "Source\Application\ModelViewer\ModelViewer.vcxproj", "{8B55EFBB-A7C8-47B8-A963-46AC7BA7FA8E}"
	ProjectSection(ProjectDependencies) = postProject
		{55C758F1-D136-4D33-AA2E-94F5EEF53491} = {55C758F1-D136-4D33-AA2E-94F5EEF53491}
		{768BE5EA-5CA2-4461-A418-2488F9A5566B} = {768BE5EA-5CA2-4461-A418-2488F9A5566B}
		{B08A8FEF-190F-4413-9BC4-FEBD7394CDF1} = {B08A8FEF-190F-4413-9BC4-FEBD7394CDF1}
		{CCAA8B7D-3478-4420-A372-A4640E01B469} = {CCAA8B7D-3478-4420-A372-A4640E01B469}
		{CDAA7021-AF05-43E4-9157-E6971EC5AE2D} = {CDAA7021-AF05-43E4-9157-E6971EC5AE2D}
		{E9574F1B-80D8-4632-8924-6E6A32A07632} = {E9574F1B-80D8-4632-8924-6E6A32A07632}
		{F510ECE5-F33E-4AFD-84D8-83C5EA803C14} = {F510ECE5-F33E-4AFD-84D8-83C5EA803C14}
	EndProjectSection
EndProject
Project("{8BC9CEB8-8B4A-11D0-8D11-00A0C91BC942}") = "Logger", "Source\Utilities\Logger\Logger.vcxproj", "{5F2B1A1E-DE2E-481A-A52F-394D4F48CF21}"
EndProject
Project("{8BC9CEB8-8B4A-11D0-8D11-00A0C91BC942}") = "ImGuizmo", "Source\ImGuizmo\ImGuizmo.vcxproj", "{96947119-00FC-4453-A26F-621CA3682FD3}"
EndProject
Project("{8BC9CEB8-8B4A-11D0-8D11-00A0C91BC942}") = "ImGui", "Source\ImGui\ImGui.vcxproj", "{46A704C7-86A5-4246-9F1C-C8789F2B977C}"
EndProject
Project("{8BC9CEB8-8B4A-11D0-8D11-00A0C91BC942}") = "Shaders", "Source\Shaders\Shaders.vcxproj", "{006BA501-81D7-42C0-87E9-84FA6EFE838F}"
EndProject
Project("{8BC9CEB8-8B4A-11D0-8D11-00A0C91BC942}") = "Engine", "Source\Engine\Engine.vcxproj", "{CDAA7021-AF05-43E4-9157-E6971EC5AE2D}"
	ProjectSection(ProjectDependencies) = postProject
		{46A704C7-86A5-4246-9F1C-C8789F2B977C} = {46A704C7-86A5-4246-9F1C-C8789F2B977C}
		{5F2B1A1E-DE2E-481A-A52F-394D4F48CF21} = {5F2B1A1E-DE2E-481A-A52F-394D4F48CF21}
		{96947119-00FC-4453-A26F-621CA3682FD3} = {96947119-00FC-4453-A26F-621CA3682FD3}
		{B08A8FEF-190F-4413-9BC4-FEBD7394CDF1} = {B08A8FEF-190F-4413-9BC4-FEBD7394CDF1}
	EndProjectSection
EndProject
Project("{8BC9CEB8-8B4A-11D0-8D11-00A0C91BC942}") = "Game", "Source\Game\Game.vcxproj", "{768BE5EA-5CA2-4461-A418-2488F9A5566B}"
	ProjectSection(ProjectDependencies) = postProject
		{46A704C7-86A5-4246-9F1C-C8789F2B977C} = {46A704C7-86A5-4246-9F1C-C8789F2B977C}
		{5F2B1A1E-DE2E-481A-A52F-394D4F48CF21} = {5F2B1A1E-DE2E-481A-A52F-394D4F48CF21}
		{96947119-00FC-4453-A26F-621CA3682FD3} = {96947119-00FC-4453-A26F-621CA3682FD3}
		{B08A8FEF-190F-4413-9BC4-FEBD7394CDF1} = {B08A8FEF-190F-4413-9BC4-FEBD7394CDF1}
		{CDAA7021-AF05-43E4-9157-E6971EC5AE2D} = {CDAA7021-AF05-43E4-9157-E6971EC5AE2D}
		{E9574F1B-80D8-4632-8924-6E6A32A07632} = {E9574F1B-80D8-4632-8924-6E6A32A07632}
	EndProjectSection
EndProject
Project("{8BC9CEB8-8B4A-11D0-8D11-00A0C91BC942}") = "CommonUtilities", "Source\Utilities\CommonUtilities\CommonUtilities.vcxproj", "{B08A8FEF-190F-4413-9BC4-FEBD7394CDF1}"
EndProject
Project("{2150E333-8FDC-42A3-9474-1A3956D46DE8}") = "Networking", "Networking", "{2AA3642D-1CFD-49A7-AB76-5D9F882914EF}"
EndProject
Project("{8BC9CEB8-8B4A-11D0-8D11-00A0C91BC942}") = "Shared", "Source\Networking\Shared\Shared.vcxproj", "{CCAA8B7D-3478-4420-A372-A4640E01B469}"
EndProject
Project("{8BC9CEB8-8B4A-11D0-8D11-00A0C91BC942}") = "Server", "Source\Networking\Server\Server.vcxproj", "{55C758F1-D136-4D33-AA2E-94F5EEF53491}"
EndProject
Project("{8BC9CEB8-8B4A-11D0-8D11-00A0C91BC942}") = "Client", "Source\Networking\Client\Client.vcxproj", "{F510ECE5-F33E-4AFD-84D8-83C5EA803C14}"
EndProject
Project("{8BC9CEB8-8B4A-11D0-8D11-00A0C91BC942}") = "PhysicsEngine", "Source\PhysicsEngine\PhysicsEngine.vcxproj", "{E9574F1B-80D8-4632-8924-6E6A32A07632}"
EndProject
Project("{8BC9CEB8-8B4A-11D0-8D11-00A0C91BC942}") = "StartServer", "Source\StartServer\StartServer.vcxproj", "{E637A4AF-60D9-4957-AEDE-396D790DA1AE}"
	ProjectSection(ProjectDependencies) = postProject
		{55C758F1-D136-4D33-AA2E-94F5EEF53491} = {55C758F1-D136-4D33-AA2E-94F5EEF53491}
	EndProjectSection
EndProject
Global
	GlobalSection(SolutionConfigurationPlatforms) = preSolution
		Debug|x64 = Debug|x64
		Debug|x86 = Debug|x86
		Release|x64 = Release|x64
		Release|x86 = Release|x86
		Retail|x64 = Retail|x64
		Retail|x86 = Retail|x86
	EndGlobalSection
	GlobalSection(ProjectConfigurationPlatforms) = postSolution
		{8B55EFBB-A7C8-47B8-A963-46AC7BA7FA8E}.Debug|x64.ActiveCfg = Debug|x64
		{8B55EFBB-A7C8-47B8-A963-46AC7BA7FA8E}.Debug|x64.Build.0 = Debug|x64
		{8B55EFBB-A7C8-47B8-A963-46AC7BA7FA8E}.Debug|x86.ActiveCfg = Debug|Win32
		{8B55EFBB-A7C8-47B8-A963-46AC7BA7FA8E}.Debug|x86.Build.0 = Debug|Win32
		{8B55EFBB-A7C8-47B8-A963-46AC7BA7FA8E}.Release|x64.ActiveCfg = Release|x64
		{8B55EFBB-A7C8-47B8-A963-46AC7BA7FA8E}.Release|x64.Build.0 = Release|x64
		{8B55EFBB-A7C8-47B8-A963-46AC7BA7FA8E}.Release|x86.ActiveCfg = Release|Win32
		{8B55EFBB-A7C8-47B8-A963-46AC7BA7FA8E}.Release|x86.Build.0 = Release|Win32
		{8B55EFBB-A7C8-47B8-A963-46AC7BA7FA8E}.Retail|x64.ActiveCfg = Release|x64
		{8B55EFBB-A7C8-47B8-A963-46AC7BA7FA8E}.Retail|x64.Build.0 = Release|x64
		{8B55EFBB-A7C8-47B8-A963-46AC7BA7FA8E}.Retail|x86.ActiveCfg = Release|Win32
		{8B55EFBB-A7C8-47B8-A963-46AC7BA7FA8E}.Retail|x86.Build.0 = Release|Win32
		{5F2B1A1E-DE2E-481A-A52F-394D4F48CF21}.Debug|x64.ActiveCfg = Debug|x64
		{5F2B1A1E-DE2E-481A-A52F-394D4F48CF21}.Debug|x64.Build.0 = Debug|x64
		{5F2B1A1E-DE2E-481A-A52F-394D4F48CF21}.Debug|x86.ActiveCfg = Debug|Win32
		{5F2B1A1E-DE2E-481A-A52F-394D4F48CF21}.Debug|x86.Build.0 = Debug|Win32
		{5F2B1A1E-DE2E-481A-A52F-394D4F48CF21}.Release|x64.ActiveCfg = Release|x64
		{5F2B1A1E-DE2E-481A-A52F-394D4F48CF21}.Release|x64.Build.0 = Release|x64
		{5F2B1A1E-DE2E-481A-A52F-394D4F48CF21}.Release|x86.ActiveCfg = Release|Win32
		{5F2B1A1E-DE2E-481A-A52F-394D4F48CF21}.Release|x86.Build.0 = Release|Win32
		{5F2B1A1E-DE2E-481A-A52F-394D4F48CF21}.Retail|x64.ActiveCfg = Release|x64
		{5F2B1A1E-DE2E-481A-A52F-394D4F48CF21}.Retail|x64.Build.0 = Release|x64
		{5F2B1A1E-DE2E-481A-A52F-394D4F48CF21}.Retail|x86.ActiveCfg = Release|Win32
		{5F2B1A1E-DE2E-481A-A52F-394D4F48CF21}.Retail|x86.Build.0 = Release|Win32
		{96947119-00FC-4453-A26F-621CA3682FD3}.Debug|x64.ActiveCfg = Debug|x64
		{96947119-00FC-4453-A26F-621CA3682FD3}.Debug|x64.Build.0 = Debug|x64
		{96947119-00FC-4453-A26F-621CA3682FD3}.Debug|x86.ActiveCfg = Debug|Win32
		{96947119-00FC-4453-A26F-621CA3682FD3}.Debug|x86.Build.0 = Debug|Win32
		{96947119-00FC-4453-A26F-621CA3682FD3}.Release|x64.ActiveCfg = Release|x64
		{96947119-00FC-4453-A26F-621CA3682FD3}.Release|x64.Build.0 = Release|x64
		{96947119-00FC-4453-A26F-621CA3682FD3}.Release|x86.ActiveCfg = Release|Win32
		{96947119-00FC-4453-A26F-621CA3682FD3}.Release|x86.Build.0 = Release|Win32
		{96947119-00FC-4453-A26F-621CA3682FD3}.Retail|x64.ActiveCfg = Release|x64
		{96947119-00FC-4453-A26F-621CA3682FD3}.Retail|x64.Build.0 = Release|x64
		{96947119-00FC-4453-A26F-621CA3682FD3}.Retail|x86.ActiveCfg = Release|Win32
		{96947119-00FC-4453-A26F-621CA3682FD3}.Retail|x86.Build.0 = Release|Win32
		{46A704C7-86A5-4246-9F1C-C8789F2B977C}.Debug|x64.ActiveCfg = Debug|x64
		{46A704C7-86A5-4246-9F1C-C8789F2B977C}.Debug|x64.Build.0 = Debug|x64
		{46A704C7-86A5-4246-9F1C-C8789F2B977C}.Debug|x86.ActiveCfg = Debug|Win32
		{46A704C7-86A5-4246-9F1C-C8789F2B977C}.Debug|x86.Build.0 = Debug|Win32
		{46A704C7-86A5-4246-9F1C-C8789F2B977C}.Release|x64.ActiveCfg = Release|x64
		{46A704C7-86A5-4246-9F1C-C8789F2B977C}.Release|x64.Build.0 = Release|x64
		{46A704C7-86A5-4246-9F1C-C8789F2B977C}.Release|x86.ActiveCfg = Release|Win32
		{46A704C7-86A5-4246-9F1C-C8789F2B977C}.Release|x86.Build.0 = Release|Win32
		{46A704C7-86A5-4246-9F1C-C8789F2B977C}.Retail|x64.ActiveCfg = Release|x64
		{46A704C7-86A5-4246-9F1C-C8789F2B977C}.Retail|x64.Build.0 = Release|x64
		{46A704C7-86A5-4246-9F1C-C8789F2B977C}.Retail|x86.ActiveCfg = Release|Win32
		{46A704C7-86A5-4246-9F1C-C8789F2B977C}.Retail|x86.Build.0 = Release|Win32
		{006BA501-81D7-42C0-87E9-84FA6EFE838F}.Debug|x64.ActiveCfg = Debug|x64
		{006BA501-81D7-42C0-87E9-84FA6EFE838F}.Debug|x86.ActiveCfg = Debug|Win32
		{006BA501-81D7-42C0-87E9-84FA6EFE838F}.Debug|x86.Build.0 = Debug|Win32
		{006BA501-81D7-42C0-87E9-84FA6EFE838F}.Release|x64.ActiveCfg = Release|x64
		{006BA501-81D7-42C0-87E9-84FA6EFE838F}.Release|x86.ActiveCfg = Release|Win32
		{006BA501-81D7-42C0-87E9-84FA6EFE838F}.Release|x86.Build.0 = Release|Win32
		{006BA501-81D7-42C0-87E9-84FA6EFE838F}.Retail|x64.ActiveCfg = Release|x64
		{006BA501-81D7-42C0-87E9-84FA6EFE838F}.Retail|x64.Build.0 = Release|x64
		{006BA501-81D7-42C0-87E9-84FA6EFE838F}.Retail|x86.ActiveCfg = Release|Win32
		{006BA501-81D7-42C0-87E9-84FA6EFE838F}.Retail|x86.Build.0 = Release|Win32
		{CDAA7021-AF05-43E4-9157-E6971EC5AE2D}.Debug|x64.ActiveCfg = Debug|x64
		{CDAA7021-AF05-43E4-9157-E6971EC5AE2D}.Debug|x64.Build.0 = Debug|x64
		{CDAA7021-AF05-43E4-9157-E6971EC5AE2D}.Debug|x86.ActiveCfg = Debug|Win32
		{CDAA7021-AF05-43E4-9157-E6971EC5AE2D}.Debug|x86.Build.0 = Debug|Win32
		{CDAA7021-AF05-43E4-9157-E6971EC5AE2D}.Release|x64.ActiveCfg = Release|x64
		{CDAA7021-AF05-43E4-9157-E6971EC5AE2D}.Release|x64.Build.0 = Release|x64
		{CDAA7021-AF05-43E4-9157-E6971EC5AE2D}.Release|x86.ActiveCfg = Release|Win32
		{CDAA7021-AF05-43E4-9157-E6971EC5AE2D}.Release|x86.Build.0 = Release|Win32
		{CDAA7021-AF05-43E4-9157-E6971EC5AE2D}.Retail|x64.ActiveCfg = Release|x64
		{CDAA7021-AF05-43E4-9157-E6971EC5AE2D}.Retail|x64.Build.0 = Release|x64
		{CDAA7021-AF05-43E4-9157-E6971EC5AE2D}.Retail|x86.ActiveCfg = Release|Win32
		{CDAA7021-AF05-43E4-9157-E6971EC5AE2D}.Retail|x86.Build.0 = Release|Win32
		{768BE5EA-5CA2-4461-A418-2488F9A5566B}.Debug|x64.ActiveCfg = Debug|x64
		{768BE5EA-5CA2-4461-A418-2488F9A5566B}.Debug|x64.Build.0 = Debug|x64
		{768BE5EA-5CA2-4461-A418-2488F9A5566B}.Debug|x86.ActiveCfg = Debug|Win32
		{768BE5EA-5CA2-4461-A418-2488F9A5566B}.Debug|x86.Build.0 = Debug|Win32
		{768BE5EA-5CA2-4461-A418-2488F9A5566B}.Release|x64.ActiveCfg = Release|x64
		{768BE5EA-5CA2-4461-A418-2488F9A5566B}.Release|x64.Build.0 = Release|x64
		{768BE5EA-5CA2-4461-A418-2488F9A5566B}.Release|x86.ActiveCfg = Release|Win32
		{768BE5EA-5CA2-4461-A418-2488F9A5566B}.Release|x86.Build.0 = Release|Win32
		{768BE5EA-5CA2-4461-A418-2488F9A5566B}.Retail|x64.ActiveCfg = Release|x64
		{768BE5EA-5CA2-4461-A418-2488F9A5566B}.Retail|x64.Build.0 = Release|x64
		{768BE5EA-5CA2-4461-A418-2488F9A5566B}.Retail|x86.ActiveCfg = Release|Win32
		{768BE5EA-5CA2-4461-A418-2488F9A5566B}.Retail|x86.Build.0 = Release|Win32
		{B08A8FEF-190F-4413-9BC4-FEBD7394CDF1}.Debug|x64.ActiveCfg = Debug|x64
		{B08A8FEF-190F-4413-9BC4-FEBD7394CDF1}.Debug|x64.Build.0 = Debug|x64
		{B08A8FEF-190F-4413-9BC4-FEBD7394CDF1}.Debug|x86.ActiveCfg = Debug|Win32
		{B08A8FEF-190F-4413-9BC4-FEBD7394CDF1}.Debug|x86.Build.0 = Debug|Win32
		{B08A8FEF-190F-4413-9BC4-FEBD7394CDF1}.Release|x64.ActiveCfg = Release|x64
		{B08A8FEF-190F-4413-9BC4-FEBD7394CDF1}.Release|x64.Build.0 = Release|x64
		{B08A8FEF-190F-4413-9BC4-FEBD7394CDF1}.Release|x86.ActiveCfg = Release|Win32
		{B08A8FEF-190F-4413-9BC4-FEBD7394CDF1}.Release|x86.Build.0 = Release|Win32
		{B08A8FEF-190F-4413-9BC4-FEBD7394CDF1}.Retail|x64.ActiveCfg = Release|x64
		{B08A8FEF-190F-4413-9BC4-FEBD7394CDF1}.Retail|x64.Build.0 = Release|x64
		{B08A8FEF-190F-4413-9BC4-FEBD7394CDF1}.Retail|x86.ActiveCfg = Release|Win32
		{B08A8FEF-190F-4413-9BC4-FEBD7394CDF1}.Retail|x86.Build.0 = Release|Win32
		{CCAA8B7D-3478-4420-A372-A4640E01B469}.Debug|x64.ActiveCfg = Debug|x64
		{CCAA8B7D-3478-4420-A372-A4640E01B469}.Debug|x64.Build.0 = Debug|x64
		{CCAA8B7D-3478-4420-A372-A4640E01B469}.Debug|x86.ActiveCfg = Debug|Win32
		{CCAA8B7D-3478-4420-A372-A4640E01B469}.Debug|x86.Build.0 = Debug|Win32
		{CCAA8B7D-3478-4420-A372-A4640E01B469}.Release|x64.ActiveCfg = Release|x64
		{CCAA8B7D-3478-4420-A372-A4640E01B469}.Release|x64.Build.0 = Release|x64
		{CCAA8B7D-3478-4420-A372-A4640E01B469}.Release|x86.ActiveCfg = Release|Win32
		{CCAA8B7D-3478-4420-A372-A4640E01B469}.Release|x86.Build.0 = Release|Win32
		{CCAA8B7D-3478-4420-A372-A4640E01B469}.Retail|x64.ActiveCfg = Release|x64
		{CCAA8B7D-3478-4420-A372-A4640E01B469}.Retail|x64.Build.0 = Release|x64
		{CCAA8B7D-3478-4420-A372-A4640E01B469}.Retail|x86.ActiveCfg = Release|Win32
		{CCAA8B7D-3478-4420-A372-A4640E01B469}.Retail|x86.Build.0 = Release|Win32
		{55C758F1-D136-4D33-AA2E-94F5EEF53491}.Debug|x64.ActiveCfg = Debug|x64
		{55C758F1-D136-4D33-AA2E-94F5EEF53491}.Debug|x64.Build.0 = Debug|x64
		{55C758F1-D136-4D33-AA2E-94F5EEF53491}.Debug|x86.ActiveCfg = Debug|Win32
		{55C758F1-D136-4D33-AA2E-94F5EEF53491}.Debug|x86.Build.0 = Debug|Win32
		{55C758F1-D136-4D33-AA2E-94F5EEF53491}.Release|x64.ActiveCfg = Release|x64
		{55C758F1-D136-4D33-AA2E-94F5EEF53491}.Release|x64.Build.0 = Release|x64
		{55C758F1-D136-4D33-AA2E-94F5EEF53491}.Release|x86.ActiveCfg = Release|Win32
		{55C758F1-D136-4D33-AA2E-94F5EEF53491}.Release|x86.Build.0 = Release|Win32
		{55C758F1-D136-4D33-AA2E-94F5EEF53491}.Retail|x64.ActiveCfg = Release|x64
		{55C758F1-D136-4D33-AA2E-94F5EEF53491}.Retail|x64.Build.0 = Release|x64
		{55C758F1-D136-4D33-AA2E-94F5EEF53491}.Retail|x86.ActiveCfg = Release|Win32
		{55C758F1-D136-4D33-AA2E-94F5EEF53491}.Retail|x86.Build.0 = Release|Win32
		{F510ECE5-F33E-4AFD-84D8-83C5EA803C14}.Debug|x64.ActiveCfg = Debug|x64
		{F510ECE5-F33E-4AFD-84D8-83C5EA803C14}.Debug|x64.Build.0 = Debug|x64
		{F510ECE5-F33E-4AFD-84D8-83C5EA803C14}.Debug|x86.ActiveCfg = Debug|Win32
		{F510ECE5-F33E-4AFD-84D8-83C5EA803C14}.Debug|x86.Build.0 = Debug|Win32
		{F510ECE5-F33E-4AFD-84D8-83C5EA803C14}.Release|x64.ActiveCfg = Release|x64
		{F510ECE5-F33E-4AFD-84D8-83C5EA803C14}.Release|x64.Build.0 = Release|x64
		{F510ECE5-F33E-4AFD-84D8-83C5EA803C14}.Release|x86.ActiveCfg = Release|Win32
		{F510ECE5-F33E-4AFD-84D8-83C5EA803C14}.Release|x86.Build.0 = Release|Win32
		{F510ECE5-F33E-4AFD-84D8-83C5EA803C14}.Retail|x64.ActiveCfg = Release|x64
		{F510ECE5-F33E-4AFD-84D8-83C5EA803C14}.Retail|x64.Build.0 = Release|x64
		{F510ECE5-F33E-4AFD-84D8-83C5EA803C14}.Retail|x86.ActiveCfg = Release|Win32
		{F510ECE5-F33E-4AFD-84D8-83C5EA803C14}.Retail|x86.Build.0 = Release|Win32
		{E9574F1B-80D8-4632-8924-6E6A32A07632}.Debug|x64.ActiveCfg = Debug|x64
		{E9574F1B-80D8-4632-8924-6E6A32A07632}.Debug|x64.Build.0 = Debug|x64
		{E9574F1B-80D8-4632-8924-6E6A32A07632}.Debug|x86.ActiveCfg = Debug|Win32
		{E9574F1B-80D8-4632-8924-6E6A32A07632}.Debug|x86.Build.0 = Debug|Win32
		{E9574F1B-80D8-4632-8924-6E6A32A07632}.Release|x64.ActiveCfg = Release|x64
		{E9574F1B-80D8-4632-8924-6E6A32A07632}.Release|x64.Build.0 = Release|x64
		{E9574F1B-80D8-4632-8924-6E6A32A07632}.Release|x86.ActiveCfg = Release|Win32
		{E9574F1B-80D8-4632-8924-6E6A32A07632}.Release|x86.Build.0 = Release|Win32
		{E9574F1B-80D8-4632-8924-6E6A32A07632}.Retail|x64.ActiveCfg = Release|x64
		{E9574F1B-80D8-4632-8924-6E6A32A07632}.Retail|x64.Build.0 = Release|x64
		{E9574F1B-80D8-4632-8924-6E6A32A07632}.Retail|x86.ActiveCfg = Release|Win32
		{E9574F1B-80D8-4632-8924-6E6A32A07632}.Retail|x86.Build.0 = Release|Win32
		{E637A4AF-60D9-4957-AEDE-396D790DA1AE}.Debug|x64.ActiveCfg = Debug|x64
		{E637A4AF-60D9-4957-AEDE-396D790DA1AE}.Debug|x64.Build.0 = Debug|x64
		{E637A4AF-60D9-4957-AEDE-396D790DA1AE}.Debug|x86.ActiveCfg = Debug|Win32
		{E637A4AF-60D9-4957-AEDE-396D790DA1AE}.Debug|x86.Build.0 = Debug|Win32
		{E637A4AF-60D9-4957-AEDE-396D790DA1AE}.Release|x64.ActiveCfg = Release|x64
		{E637A4AF-60D9-4957-AEDE-396D790DA1AE}.Release|x64.Build.0 = Release|x64
		{E637A4AF-60D9-4957-AEDE-396D790DA1AE}.Release|x86.ActiveCfg = Release|Win32
		{E637A4AF-60D9-4957-AEDE-396D790DA1AE}.Release|x86.Build.0 = Release|Win32
		{E637A4AF-60D9-4957-AEDE-396D790DA1AE}.Retail|x64.ActiveCfg = Release|x64
		{E637A4AF-60D9-4957-AEDE-396D790DA1AE}.Retail|x64.Build.0 = Release|x64
		{E637A4AF-60D9-4957-AEDE-396D790DA1AE}.Retail|x86.ActiveCfg = Release|Win32
		{E637A4AF-60D9-4957-AEDE-396D790DA1AE}.Retail|x86.Build.0 = Release|Win32
	EndGlobalSection
	GlobalSection(SolutionProperties) = preSolution
		HideSolutionNode = FALSE
	EndGlobalSection
	GlobalSection(NestedProjects) = preSolution
		{5F2B1A1E-DE2E-481A-A52F-394D4F48CF21} = {B88584E6-8C02-45F9-A781-DE156A465D72}
		{96947119-00FC-4453-A26F-621CA3682FD3} = {B88584E6-8C02-45F9-A781-DE156A465D72}
		{46A704C7-86A5-4246-9F1C-C8789F2B977C} = {B88584E6-8C02-45F9-A781-DE156A465D72}
		{B08A8FEF-190F-4413-9BC4-FEBD7394CDF1} = {B88584E6-8C02-45F9-A781-DE156A465D72}
		{CCAA8B7D-3478-4420-A372-A4640E01B469} = {2AA3642D-1CFD-49A7-AB76-5D9F882914EF}
		{55C758F1-D136-4D33-AA2E-94F5EEF53491} = {2AA3642D-1CFD-49A7-AB76-5D9F882914EF}
		{F510ECE5-F33E-4AFD-84D8-83C5EA803C14} = {2AA3642D-1CFD-49A7-AB76-5D9F882914EF}
	EndGlobalSection
	GlobalSection(ExtensibilityGlobals) = postSolution
		SolutionGuid = {0A7CAABE-9DE1-4D17-8531-C26BE52A7516}
	EndGlobalSection
EndGlobal
